
Microsoft Visual Studio Solution File, Format Version 12.00
# Visual Studio 15
VisualStudioVersion = 15.0.28307.757
MinimumVisualStudioVersion = 10.0.40219.1
Project("{FAE04EC0-301F-11D3-BF4B-00C04F79EFBC}") = "M_Cleveland_FabioMurilo", "M_Cleveland_FabioMurilo\M_Cleveland_FabioMurilo.csproj", "{EA747919-AF5D-4D38-B878-ED2D2BF1E683}"
EndProject
Global
	GlobalSection(SolutionConfigurationPlatforms) = preSolution
		Debug|Any CPU = Debug|Any CPU
		Release|Any CPU = Release|Any CPU
	EndGlobalSection
	GlobalSection(ProjectConfigurationPlatforms) = postSolution
		{EA747919-AF5D-4D38-B878-ED2D2BF1E683}.Debug|Any CPU.ActiveCfg = Debug|Any CPU
		{EA747919-AF5D-4D38-B878-ED2D2BF1E683}.Debug|Any CPU.Build.0 = Debug|Any CPU
		{EA747919-AF5D-4D38-B878-ED2D2BF1E683}.Release|Any CPU.ActiveCfg = Release|Any CPU
		{EA747919-AF5D-4D38-B878-ED2D2BF1E683}.Release|Any CPU.Build.0 = Release|Any CPU
	EndGlobalSection
	GlobalSection(SolutionProperties) = preSolution
		HideSolutionNode = FALSE
	EndGlobalSection
	GlobalSection(ExtensibilityGlobals) = postSolution
		SolutionGuid = {CFD93AD4-4E1E-491B-96B1-085B3AC49059}
	EndGlobalSection
EndGlobal
